
Microsoft Visual Studio Solution File, Format Version 12.00
# Visual Studio 14
VisualStudioVersion = 14.0.24720.0
MinimumVisualStudioVersion = 10.0.40219.1
Project("{FAE04EC0-301F-11D3-BF4B-00C04F79EFBC}") = "QT Discord", "QT Discord\QT Discord.csproj", "{DF824C99-2858-4F2E-826C-5DDE6A01AD5B}"
EndProject
Project("{2150E333-8FDC-42A3-9474-1A3956D46DE8}") = "Solution Items", "Solution Items", "{9861C586-A41B-485D-A3EA-BF31A5A85758}"
	ProjectSection(SolutionItems) = preProject
		data.cs = data.cs
	EndProjectSection
EndProject
Project("{2150E333-8FDC-42A3-9474-1A3956D46DE8}") = "data", "data", "{4624C2B2-375A-41B3-B8BA-6262F882B03F}"
EndProject
Global
	GlobalSection(SolutionConfigurationPlatforms) = preSolution
		Debug|Any CPU = Debug|Any CPU
		Release|Any CPU = Release|Any CPU
	EndGlobalSection
	GlobalSection(ProjectConfigurationPlatforms) = postSolution
		{DF824C99-2858-4F2E-826C-5DDE6A01AD5B}.Debug|Any CPU.ActiveCfg = Debug|Any CPU
		{DF824C99-2858-4F2E-826C-5DDE6A01AD5B}.Debug|Any CPU.Build.0 = Debug|Any CPU
		{DF824C99-2858-4F2E-826C-5DDE6A01AD5B}.Release|Any CPU.ActiveCfg = Release|Any CPU
		{DF824C99-2858-4F2E-826C-5DDE6A01AD5B}.Release|Any CPU.Build.0 = Release|Any CPU
	EndGlobalSection
	GlobalSection(SolutionProperties) = preSolution
		HideSolutionNode = FALSE
	EndGlobalSection
EndGlobal
